
Microsoft Visual Studio Solution File, Format Version 12.00
# Visual Studio Version 16
VisualStudioVersion = 16.0.30621.155
MinimumVisualStudioVersion = 10.0.40219.1
Project("{FAE04EC0-301F-11D3-BF4B-00C04F79EFBC}") = "SharedApp", "SharedApp.csproj", "{39556590-9998-4301-92EE-1E6A9BC5177A}"
EndProject
Global
	GlobalSection(SolutionConfigurationPlatforms) = preSolution
		Debug|Any CPU = Debug|Any CPU
		Release|Any CPU = Release|Any CPU
	EndGlobalSection
	GlobalSection(ProjectConfigurationPlatforms) = postSolution
		{39556590-9998-4301-92EE-1E6A9BC5177A}.Debug|Any CPU.ActiveCfg = Debug|Any CPU
		{39556590-9998-4301-92EE-1E6A9BC5177A}.Debug|Any CPU.Build.0 = Debug|Any CPU
		{39556590-9998-4301-92EE-1E6A9BC5177A}.Release|Any CPU.ActiveCfg = Release|Any CPU
		{39556590-9998-4301-92EE-1E6A9BC5177A}.Release|Any CPU.Build.0 = Release|Any CPU
	EndGlobalSection
	GlobalSection(SolutionProperties) = preSolution
		HideSolutionNode = FALSE
	EndGlobalSection
	GlobalSection(ExtensibilityGlobals) = postSolution
		SolutionGuid = {F0267A7F-C5F3-4A02-A1D5-813051556DFE}
	EndGlobalSection
EndGlobal
